// !$*UTF8*$!
{
	archiveVersion = 1;
	classes = {
	};
	objectVersion = 56;
	objects = {

/* Begin PBXBuildFile section */
		460D624E2DE7934300D50D0C /* CardGameApp.swift in Sources */ = {isa = PBXBuildFile; fileRef = 460D624D2DE7934300D50D0C /* CardGameApp.swift */; };
		460D62502DE7934300D50D0C /* ContentView.swift in Sources */ = {isa = PBXBuildFile; fileRef = 460D624F2DE7934300D50D0C /* ContentView.swift */; };
		460D62522DE7934600D50D0C /* Assets.xcassets in Resources */ = {isa = PBXBuildFile; fileRef = 460D62512DE7934600D50D0C /* Assets.xcassets */; };
		460D62552DE7934600D50D0C /* Preview Assets.xcassets in Resources */ = {isa = PBXBuildFile; fileRef = 460D62542DE7934600D50D0C /* Preview Assets.xcassets */; };
		460D62572DE7934600D50D0C /* Persistence.swift in Sources */ = {isa = PBXBuildFile; fileRef = 460D62562DE7934600D50D0C /* Persistence.swift */; };
		460D625A2DE7934600D50D0C /* CardGame.xcdatamodeld in Sources */ = {isa = PBXBuildFile; fileRef = 460D62582DE7934600D50D0C /* CardGame.xcdatamodeld */; };
		460D62652DE7934700D50D0C /* CardGameTests.swift in Sources */ = {isa = PBXBuildFile; fileRef = 460D62642DE7934700D50D0C /* CardGameTests.swift */; };
		460D626F2DE7934700D50D0C /* CardGameUITests.swift in Sources */ = {isa = PBXBuildFile; fileRef = 460D626E2DE7934700D50D0C /* CardGameUITests.swift */; };
		460D62712DE7934700D50D0C /* CardGameUITestsLaunchTests.swift in Sources */ = {isa = PBXBuildFile; fileRef = 460D62702DE7934700D50D0C /* CardGameUITestsLaunchTests.swift */; };
		460D628C2DE7AA3900D50D0C /* GameViewModel.swift in Sources */ = {isa = PBXBuildFile; fileRef = 460D627F2DE7AA3900D50D0C /* GameViewModel.swift */; };
		460D628D2DE7AA3900D50D0C /* ContentView.swift in Sources */ = {isa = PBXBuildFile; fileRef = 460D62872DE7AA3900D50D0C /* ContentView.swift */; };
		460D628E2DE7AA3900D50D0C /* CardGameApp.swift in Sources */ = {isa = PBXBuildFile; fileRef = 460D62832DE7AA3900D50D0C /* CardGameApp.swift */; };
		460D628F2DE7AA3900D50D0C /* ClocksView.swift in Sources */ = {isa = PBXBuildFile; fileRef = 460D62862DE7AA3900D50D0C /* ClocksView.swift */; };
		460D62902DE7AA3900D50D0C /* Models.swift in Sources */ = {isa = PBXBuildFile; fileRef = 460D628B2DE7AA3900D50D0C /* Models.swift */; };
		460D62912DE7AA3900D50D0C /* PartyStatusView.swift in Sources */ = {isa = PBXBuildFile; fileRef = 460D62882DE7AA3900D50D0C /* PartyStatusView.swift */; };
		460D62922DE7AA3900D50D0C /* Persistence.swift in Sources */ = {isa = PBXBuildFile; fileRef = 460D62812DE7AA3900D50D0C /* Persistence.swift */; };
		460D62942DE7B24600D50D0C /* CharacterSelectorView.swift in Sources */ = {isa = PBXBuildFile; fileRef = 460D62932DE7B24600D50D0C /* CharacterSelectorView.swift */; };
		460D62962DE7B39400D50D0C /* InteractableCardView.swift in Sources */ = {isa = PBXBuildFile; fileRef = 460D62952DE7B39400D50D0C /* InteractableCardView.swift */; };
		460D62982DE7B4A400D50D0C /* DiceRollView.swift in Sources */ = {isa = PBXBuildFile; fileRef = 460D62972DE7B4A400D50D0C /* DiceRollView.swift */; };
		460D629A2DE7BD4200D50D0C /* NodeConnectionsView.swift in Sources */ = {isa = PBXBuildFile; fileRef = 460D62992DE7BD4200D50D0C /* NodeConnectionsView.swift */; };
		464B59CB2DE817190002EA59 /* AssetPlaceholders in Resources */ = {isa = PBXBuildFile; fileRef = 464B59CA2DE817190002EA59 /* AssetPlaceholders */; };
		464B59CD2DEA1A850002EA59 /* CharacterSheetView.swift in Sources */ = {isa = PBXBuildFile; fileRef = 464B59CC2DEA1A850002EA59 /* CharacterSheetView.swift */; };
		464B59CF2DEA1EF30002EA59 /* MapView.swift in Sources */ = {isa = PBXBuildFile; fileRef = 464B59CE2DEA1EF30002EA59 /* MapView.swift */; };
		46A9D2292DE7D14C00FE459E /* HeaderView.swift in Sources */ = {isa = PBXBuildFile; fileRef = 46A9D2282DE7D14C00FE459E /* HeaderView.swift */; };
		46A9D22B2DE7D2E500FE459E /* StatusSheetView.swift in Sources */ = {isa = PBXBuildFile; fileRef = 46A9D22A2DE7D2E500FE459E /* StatusSheetView.swift */; };
		46A9D22D2DE7F82000FE459E /* ContentLoader.swift in Sources */ = {isa = PBXBuildFile; fileRef = 46A9D22C2DE7F81F00FE459E /* ContentLoader.swift */; };
		46A9D2302DE7F85F00FE459E /* Content in Resources */ = {isa = PBXBuildFile; fileRef = 46A9D22F2DE7F85F00FE459E /* Content */; };
		46A9D2322DE7FAF100FE459E /* DungeonGenerator.swift in Sources */ = {isa = PBXBuildFile; fileRef = 46A9D2312DE7FAF100FE459E /* DungeonGenerator.swift */; };
		46A9D2342DE8001F00FE459E /* AudioManager.swift in Sources */ = {isa = PBXBuildFile; fileRef = 46A9D2332DE8001F00FE459E /* AudioManager.swift */; };
/* End PBXBuildFile section */

/* Begin PBXContainerItemProxy section */
		460D62612DE7934700D50D0C /* PBXContainerItemProxy */ = {
			isa = PBXContainerItemProxy;
			containerPortal = 460D62422DE7934300D50D0C /* Project object */;
			proxyType = 1;
			remoteGlobalIDString = 460D62492DE7934300D50D0C;
			remoteInfo = CardGame;
		};
		460D626B2DE7934700D50D0C /* PBXContainerItemProxy */ = {
			isa = PBXContainerItemProxy;
			containerPortal = 460D62422DE7934300D50D0C /* Project object */;
			proxyType = 1;
			remoteGlobalIDString = 460D62492DE7934300D50D0C;
			remoteInfo = CardGame;
		};
/* End PBXContainerItemProxy section */

/* Begin PBXFileReference section */
		460D624A2DE7934300D50D0C /* CardGame.app */ = {isa = PBXFileReference; explicitFileType = wrapper.application; includeInIndex = 0; path = CardGame.app; sourceTree = BUILT_PRODUCTS_DIR; };
		460D624D2DE7934300D50D0C /* CardGameApp.swift */ = {isa = PBXFileReference; lastKnownFileType = sourcecode.swift; path = CardGameApp.swift; sourceTree = "<group>"; };
		460D624F2DE7934300D50D0C /* ContentView.swift */ = {isa = PBXFileReference; lastKnownFileType = sourcecode.swift; path = ContentView.swift; sourceTree = "<group>"; };
		460D62512DE7934600D50D0C /* Assets.xcassets */ = {isa = PBXFileReference; lastKnownFileType = folder.assetcatalog; path = Assets.xcassets; sourceTree = "<group>"; };
		460D62542DE7934600D50D0C /* Preview Assets.xcassets */ = {isa = PBXFileReference; lastKnownFileType = folder.assetcatalog; path = "Preview Assets.xcassets"; sourceTree = "<group>"; };
		460D62562DE7934600D50D0C /* Persistence.swift */ = {isa = PBXFileReference; lastKnownFileType = sourcecode.swift; path = Persistence.swift; sourceTree = "<group>"; };
		460D62592DE7934600D50D0C /* CardGame.xcdatamodel */ = {isa = PBXFileReference; lastKnownFileType = wrapper.xcdatamodel; path = CardGame.xcdatamodel; sourceTree = "<group>"; };
		460D625B2DE7934600D50D0C /* Info.plist */ = {isa = PBXFileReference; lastKnownFileType = text.plist.xml; path = Info.plist; sourceTree = "<group>"; };
		460D62602DE7934600D50D0C /* CardGameTests.xctest */ = {isa = PBXFileReference; explicitFileType = wrapper.cfbundle; includeInIndex = 0; path = CardGameTests.xctest; sourceTree = BUILT_PRODUCTS_DIR; };
		460D62642DE7934700D50D0C /* CardGameTests.swift */ = {isa = PBXFileReference; lastKnownFileType = sourcecode.swift; path = CardGameTests.swift; sourceTree = "<group>"; };
		460D626A2DE7934700D50D0C /* CardGameUITests.xctest */ = {isa = PBXFileReference; explicitFileType = wrapper.cfbundle; includeInIndex = 0; path = CardGameUITests.xctest; sourceTree = BUILT_PRODUCTS_DIR; };
		460D626E2DE7934700D50D0C /* CardGameUITests.swift */ = {isa = PBXFileReference; lastKnownFileType = sourcecode.swift; path = CardGameUITests.swift; sourceTree = "<group>"; };
		460D62702DE7934700D50D0C /* CardGameUITestsLaunchTests.swift */ = {isa = PBXFileReference; lastKnownFileType = sourcecode.swift; path = CardGameUITestsLaunchTests.swift; sourceTree = "<group>"; };
		460D627F2DE7AA3900D50D0C /* GameViewModel.swift */ = {isa = PBXFileReference; lastKnownFileType = sourcecode.swift; path = GameViewModel.swift; sourceTree = "<group>"; };
		460D62802DE7AA3900D50D0C /* Info.plist */ = {isa = PBXFileReference; lastKnownFileType = text.plist.xml; path = Info.plist; sourceTree = "<group>"; };
		460D62812DE7AA3900D50D0C /* Persistence.swift */ = {isa = PBXFileReference; lastKnownFileType = sourcecode.swift; path = Persistence.swift; sourceTree = "<group>"; };
		460D62822DE7AA3900D50D0C /* Assets.xcassets */ = {isa = PBXFileReference; lastKnownFileType = folder.assetcatalog; path = Assets.xcassets; sourceTree = "<group>"; };
		460D62832DE7AA3900D50D0C /* CardGameApp.swift */ = {isa = PBXFileReference; lastKnownFileType = sourcecode.swift; path = CardGameApp.swift; sourceTree = "<group>"; };
		460D62852DE7AA3900D50D0C /* CardGame.xcdatamodel */ = {isa = PBXFileReference; lastKnownFileType = wrapper.xcdatamodel; path = CardGame.xcdatamodel; sourceTree = "<group>"; };
		460D62862DE7AA3900D50D0C /* ClocksView.swift */ = {isa = PBXFileReference; lastKnownFileType = sourcecode.swift; path = ClocksView.swift; sourceTree = "<group>"; };
		460D62872DE7AA3900D50D0C /* ContentView.swift */ = {isa = PBXFileReference; lastKnownFileType = sourcecode.swift; path = ContentView.swift; sourceTree = "<group>"; };
		460D62882DE7AA3900D50D0C /* PartyStatusView.swift */ = {isa = PBXFileReference; lastKnownFileType = sourcecode.swift; path = PartyStatusView.swift; sourceTree = "<group>"; };
		460D628A2DE7AA3900D50D0C /* Preview Assets.xcassets */ = {isa = PBXFileReference; lastKnownFileType = folder.assetcatalog; path = "Preview Assets.xcassets"; sourceTree = "<group>"; };
		460D628B2DE7AA3900D50D0C /* Models.swift */ = {isa = PBXFileReference; lastKnownFileType = sourcecode.swift; path = Models.swift; sourceTree = "<group>"; };
		460D62932DE7B24600D50D0C /* CharacterSelectorView.swift */ = {isa = PBXFileReference; fileEncoding = 4; lastKnownFileType = sourcecode.swift; path = CharacterSelectorView.swift; sourceTree = "<group>"; };
		460D62952DE7B39400D50D0C /* InteractableCardView.swift */ = {isa = PBXFileReference; fileEncoding = 4; lastKnownFileType = sourcecode.swift; path = InteractableCardView.swift; sourceTree = "<group>"; };
		460D62972DE7B4A400D50D0C /* DiceRollView.swift */ = {isa = PBXFileReference; fileEncoding = 4; lastKnownFileType = sourcecode.swift; path = DiceRollView.swift; sourceTree = "<group>"; };
		460D62992DE7BD4200D50D0C /* NodeConnectionsView.swift */ = {isa = PBXFileReference; fileEncoding = 4; lastKnownFileType = sourcecode.swift; path = NodeConnectionsView.swift; sourceTree = "<group>"; };
		464B59CA2DE817190002EA59 /* AssetPlaceholders */ = {isa = PBXFileReference; lastKnownFileType = folder; path = AssetPlaceholders; sourceTree = "<group>"; };
		464B59CC2DEA1A850002EA59 /* CharacterSheetView.swift */ = {isa = PBXFileReference; fileEncoding = 4; lastKnownFileType = sourcecode.swift; path = CharacterSheetView.swift; sourceTree = "<group>"; };
		464B59CE2DEA1EF30002EA59 /* MapView.swift */ = {isa = PBXFileReference; fileEncoding = 4; lastKnownFileType = sourcecode.swift; path = MapView.swift; sourceTree = "<group>"; };
		46A9D2282DE7D14C00FE459E /* HeaderView.swift */ = {isa = PBXFileReference; fileEncoding = 4; lastKnownFileType = sourcecode.swift; path = HeaderView.swift; sourceTree = "<group>"; };
		46A9D22A2DE7D2E500FE459E /* StatusSheetView.swift */ = {isa = PBXFileReference; fileEncoding = 4; lastKnownFileType = sourcecode.swift; path = StatusSheetView.swift; sourceTree = "<group>"; };
		46A9D22C2DE7F81F00FE459E /* ContentLoader.swift */ = {isa = PBXFileReference; fileEncoding = 4; lastKnownFileType = sourcecode.swift; path = ContentLoader.swift; sourceTree = "<group>"; };
		46A9D22F2DE7F85F00FE459E /* Content */ = {isa = PBXFileReference; lastKnownFileType = folder; path = Content; sourceTree = "<group>"; };
		46A9D2312DE7FAF100FE459E /* DungeonGenerator.swift */ = {isa = PBXFileReference; fileEncoding = 4; lastKnownFileType = sourcecode.swift; path = DungeonGenerator.swift; sourceTree = "<group>"; };
		46A9D2332DE8001F00FE459E /* AudioManager.swift */ = {isa = PBXFileReference; fileEncoding = 4; lastKnownFileType = sourcecode.swift; path = AudioManager.swift; sourceTree = "<group>"; };
/* End PBXFileReference section */

/* Begin PBXFrameworksBuildPhase section */
		460D62472DE7934300D50D0C /* Frameworks */ = {
			isa = PBXFrameworksBuildPhase;
			buildActionMask = 2147483647;
			files = (
			);
			runOnlyForDeploymentPostprocessing = 0;
		};
		460D625D2DE7934600D50D0C /* Frameworks */ = {
			isa = PBXFrameworksBuildPhase;
			buildActionMask = 2147483647;
			files = (
			);
			runOnlyForDeploymentPostprocessing = 0;
		};
		460D62672DE7934700D50D0C /* Frameworks */ = {
			isa = PBXFrameworksBuildPhase;
			buildActionMask = 2147483647;
			files = (
			);
			runOnlyForDeploymentPostprocessing = 0;
		};
/* End PBXFrameworksBuildPhase section */

/* Begin PBXGroup section */
		460D62412DE7934300D50D0C = {
			isa = PBXGroup;
			children = (
				46A9D22F2DE7F85F00FE459E /* Content */,
				460D624C2DE7934300D50D0C /* CardGame */,
				460D62632DE7934700D50D0C /* CardGameTests */,
				460D626D2DE7934700D50D0C /* CardGameUITests */,
				460D624B2DE7934300D50D0C /* Products */,
			);
			sourceTree = "<group>";
		};
		460D624B2DE7934300D50D0C /* Products */ = {
			isa = PBXGroup;
			children = (
				460D624A2DE7934300D50D0C /* CardGame.app */,
				460D62602DE7934600D50D0C /* CardGameTests.xctest */,
				460D626A2DE7934700D50D0C /* CardGameUITests.xctest */,
			);
			name = Products;
			sourceTree = "<group>";
		};
		460D624C2DE7934300D50D0C /* CardGame */ = {
			isa = PBXGroup;
			children = (
				464B59CE2DEA1EF30002EA59 /* MapView.swift */,
				464B59CC2DEA1A850002EA59 /* CharacterSheetView.swift */,
				464B59CA2DE817190002EA59 /* AssetPlaceholders */,
				46A9D2332DE8001F00FE459E /* AudioManager.swift */,
				46A9D2312DE7FAF100FE459E /* DungeonGenerator.swift */,
				46A9D22C2DE7F81F00FE459E /* ContentLoader.swift */,
				46A9D22A2DE7D2E500FE459E /* StatusSheetView.swift */,
				46A9D2282DE7D14C00FE459E /* HeaderView.swift */,
				460D62992DE7BD4200D50D0C /* NodeConnectionsView.swift */,
				460D62972DE7B4A400D50D0C /* DiceRollView.swift */,
				460D62952DE7B39400D50D0C /* InteractableCardView.swift */,
				460D62932DE7B24600D50D0C /* CharacterSelectorView.swift */,
				460D62822DE7AA3900D50D0C /* Assets.xcassets */,
				460D62842DE7AA3900D50D0C /* CardGame.xcdatamodeld */,
				460D62832DE7AA3900D50D0C /* CardGameApp.swift */,
				460D62862DE7AA3900D50D0C /* ClocksView.swift */,
				460D62872DE7AA3900D50D0C /* ContentView.swift */,
				460D627F2DE7AA3900D50D0C /* GameViewModel.swift */,
				460D62802DE7AA3900D50D0C /* Info.plist */,
				460D628B2DE7AA3900D50D0C /* Models.swift */,
				460D62882DE7AA3900D50D0C /* PartyStatusView.swift */,
				460D62812DE7AA3900D50D0C /* Persistence.swift */,
				460D62892DE7AA3900D50D0C /* Preview Content */,
				460D624D2DE7934300D50D0C /* CardGameApp.swift */,
				460D624F2DE7934300D50D0C /* ContentView.swift */,
				460D62512DE7934600D50D0C /* Assets.xcassets */,
				460D62562DE7934600D50D0C /* Persistence.swift */,
				460D625B2DE7934600D50D0C /* Info.plist */,
				460D62582DE7934600D50D0C /* CardGame.xcdatamodeld */,
				460D62532DE7934600D50D0C /* Preview Content */,
			);
			path = CardGame;
			sourceTree = "<group>";
		};
		460D62532DE7934600D50D0C /* Preview Content */ = {
			isa = PBXGroup;
			children = (
				460D62542DE7934600D50D0C /* Preview Assets.xcassets */,
			);
			path = "Preview Content";
			sourceTree = "<group>";
		};
		460D62632DE7934700D50D0C /* CardGameTests */ = {
			isa = PBXGroup;
			children = (
				460D62642DE7934700D50D0C /* CardGameTests.swift */,
			);
			path = CardGameTests;
			sourceTree = "<group>";
		};
		460D626D2DE7934700D50D0C /* CardGameUITests */ = {
			isa = PBXGroup;
			children = (
				460D626E2DE7934700D50D0C /* CardGameUITests.swift */,
				460D62702DE7934700D50D0C /* CardGameUITestsLaunchTests.swift */,
			);
			path = CardGameUITests;
			sourceTree = "<group>";
		};
		460D62892DE7AA3900D50D0C /* Preview Content */ = {
			isa = PBXGroup;
			children = (
				460D628A2DE7AA3900D50D0C /* Preview Assets.xcassets */,
			);
			path = "Preview Content";
			sourceTree = "<group>";
		};
/* End PBXGroup section */

/* Begin PBXNativeTarget section */
		460D62492DE7934300D50D0C /* CardGame */ = {
			isa = PBXNativeTarget;
			buildConfigurationList = 460D62742DE7934700D50D0C /* Build configuration list for PBXNativeTarget "CardGame" */;
			buildPhases = (
				460D62462DE7934300D50D0C /* Sources */,
				460D62472DE7934300D50D0C /* Frameworks */,
				460D62482DE7934300D50D0C /* Resources */,
			);
			buildRules = (
			);
			dependencies = (
			);
			name = CardGame;
			productName = CardGame;
			productReference = 460D624A2DE7934300D50D0C /* CardGame.app */;
			productType = "com.apple.product-type.application";
		};
		460D625F2DE7934600D50D0C /* CardGameTests */ = {
			isa = PBXNativeTarget;
			buildConfigurationList = 460D62772DE7934700D50D0C /* Build configuration list for PBXNativeTarget "CardGameTests" */;
			buildPhases = (
				460D625C2DE7934600D50D0C /* Sources */,
				460D625D2DE7934600D50D0C /* Frameworks */,
				460D625E2DE7934600D50D0C /* Resources */,
			);
			buildRules = (
			);
			dependencies = (
				460D62622DE7934700D50D0C /* PBXTargetDependency */,
			);
			name = CardGameTests;
			productName = CardGameTests;
			productReference = 460D62602DE7934600D50D0C /* CardGameTests.xctest */;
			productType = "com.apple.product-type.bundle.unit-test";
		};
		460D62692DE7934700D50D0C /* CardGameUITests */ = {
			isa = PBXNativeTarget;
			buildConfigurationList = 460D627A2DE7934700D50D0C /* Build configuration list for PBXNativeTarget "CardGameUITests" */;
			buildPhases = (
				460D62662DE7934700D50D0C /* Sources */,
				460D62672DE7934700D50D0C /* Frameworks */,
				460D62682DE7934700D50D0C /* Resources */,
			);
			buildRules = (
			);
			dependencies = (
				460D626C2DE7934700D50D0C /* PBXTargetDependency */,
			);
			name = CardGameUITests;
			productName = CardGameUITests;
			productReference = 460D626A2DE7934700D50D0C /* CardGameUITests.xctest */;
			productType = "com.apple.product-type.bundle.ui-testing";
		};
/* End PBXNativeTarget section */

/* Begin PBXProject section */
		460D62422DE7934300D50D0C /* Project object */ = {
			isa = PBXProject;
			attributes = {
				BuildIndependentTargetsInParallel = 1;
				LastSwiftUpdateCheck = 1430;
				LastUpgradeCheck = 1430;
				TargetAttributes = {
					460D62492DE7934300D50D0C = {
						CreatedOnToolsVersion = 14.3.1;
					};
					460D625F2DE7934600D50D0C = {
						CreatedOnToolsVersion = 14.3.1;
						TestTargetID = 460D62492DE7934300D50D0C;
					};
					460D62692DE7934700D50D0C = {
						CreatedOnToolsVersion = 14.3.1;
						TestTargetID = 460D62492DE7934300D50D0C;
					};
				};
			};
			buildConfigurationList = 460D62452DE7934300D50D0C /* Build configuration list for PBXProject "CardGame" */;
			compatibilityVersion = "Xcode 14.0";
			developmentRegion = en;
			hasScannedForEncodings = 0;
			knownRegions = (
				en,
				Base,
			);
			mainGroup = 460D62412DE7934300D50D0C;
			productRefGroup = 460D624B2DE7934300D50D0C /* Products */;
			projectDirPath = "";
			projectRoot = "";
			targets = (
				460D62492DE7934300D50D0C /* CardGame */,
				460D625F2DE7934600D50D0C /* CardGameTests */,
				460D62692DE7934700D50D0C /* CardGameUITests */,
			);
		};
/* End PBXProject section */

/* Begin PBXResourcesBuildPhase section */
		460D62482DE7934300D50D0C /* Resources */ = {
			isa = PBXResourcesBuildPhase;
			buildActionMask = 2147483647;
			files = (
				46A9D2302DE7F85F00FE459E /* Content in Resources */,
				460D62552DE7934600D50D0C /* Preview Assets.xcassets in Resources */,
				460D62522DE7934600D50D0C /* Assets.xcassets in Resources */,
				464B59CB2DE817190002EA59 /* AssetPlaceholders in Resources */,
			);
			runOnlyForDeploymentPostprocessing = 0;
		};
		460D625E2DE7934600D50D0C /* Resources */ = {
			isa = PBXResourcesBuildPhase;
			buildActionMask = 2147483647;
			files = (
			);
			runOnlyForDeploymentPostprocessing = 0;
		};
		460D62682DE7934700D50D0C /* Resources */ = {
			isa = PBXResourcesBuildPhase;
			buildActionMask = 2147483647;
			files = (
			);
			runOnlyForDeploymentPostprocessing = 0;
		};
/* End PBXResourcesBuildPhase section */

/* Begin PBXSourcesBuildPhase section */
		460D62462DE7934300D50D0C /* Sources */ = {
			isa = PBXSourcesBuildPhase;
			buildActionMask = 2147483647;
			files = (
				46A9D2322DE7FAF100FE459E /* DungeonGenerator.swift in Sources */,
				460D62922DE7AA3900D50D0C /* Persistence.swift in Sources */,
				460D629A2DE7BD4200D50D0C /* NodeConnectionsView.swift in Sources */,
				464B59CF2DEA1EF30002EA59 /* MapView.swift in Sources */,
				460D62572DE7934600D50D0C /* Persistence.swift in Sources */,
				460D625A2DE7934600D50D0C /* CardGame.xcdatamodeld in Sources */,
				460D628D2DE7AA3900D50D0C /* ContentView.swift in Sources */,
				46A9D22B2DE7D2E500FE459E /* StatusSheetView.swift in Sources */,
				460D62502DE7934300D50D0C /* ContentView.swift in Sources */,
				460D628E2DE7AA3900D50D0C /* CardGameApp.swift in Sources */,
				460D628F2DE7AA3900D50D0C /* ClocksView.swift in Sources */,
				460D62962DE7B39400D50D0C /* InteractableCardView.swift in Sources */,
				46A9D22D2DE7F82000FE459E /* ContentLoader.swift in Sources */,
				460D62942DE7B24600D50D0C /* CharacterSelectorView.swift in Sources */,
				460D62902DE7AA3900D50D0C /* Models.swift in Sources */,
				460D62982DE7B4A400D50D0C /* DiceRollView.swift in Sources */,
				460D62912DE7AA3900D50D0C /* PartyStatusView.swift in Sources */,
				460D628C2DE7AA3900D50D0C /* GameViewModel.swift in Sources */,
				464B59CD2DEA1A850002EA59 /* CharacterSheetView.swift in Sources */,
				460D624E2DE7934300D50D0C /* CardGameApp.swift in Sources */,
				46A9D2342DE8001F00FE459E /* AudioManager.swift in Sources */,
				46A9D2292DE7D14C00FE459E /* HeaderView.swift in Sources */,
			);
			runOnlyForDeploymentPostprocessing = 0;
		};
		460D625C2DE7934600D50D0C /* Sources */ = {
			isa = PBXSourcesBuildPhase;
			buildActionMask = 2147483647;
			files = (
				460D62652DE7934700D50D0C /* CardGameTests.swift in Sources */,
			);
			runOnlyForDeploymentPostprocessing = 0;
		};
		460D62662DE7934700D50D0C /* Sources */ = {
			isa = PBXSourcesBuildPhase;
			buildActionMask = 2147483647;
			files = (
				460D62712DE7934700D50D0C /* CardGameUITestsLaunchTests.swift in Sources */,
				460D626F2DE7934700D50D0C /* CardGameUITests.swift in Sources */,
			);
			runOnlyForDeploymentPostprocessing = 0;
		};
/* End PBXSourcesBuildPhase section */

/* Begin PBXTargetDependency section */
		460D62622DE7934700D50D0C /* PBXTargetDependency */ = {
			isa = PBXTargetDependency;
			target = 460D62492DE7934300D50D0C /* CardGame */;
			targetProxy = 460D62612DE7934700D50D0C /* PBXContainerItemProxy */;
		};
		460D626C2DE7934700D50D0C /* PBXTargetDependency */ = {
			isa = PBXTargetDependency;
			target = 460D62492DE7934300D50D0C /* CardGame */;
			targetProxy = 460D626B2DE7934700D50D0C /* PBXContainerItemProxy */;
		};
/* End PBXTargetDependency section */

/* Begin XCBuildConfiguration section */
		460D62722DE7934700D50D0C /* Debug */ = {
			isa = XCBuildConfiguration;
			buildSettings = {
				ALWAYS_SEARCH_USER_PATHS = NO;
				CLANG_ANALYZER_NONNULL = YES;
				CLANG_ANALYZER_NUMBER_OBJECT_CONVERSION = YES_AGGRESSIVE;
				CLANG_CXX_LANGUAGE_STANDARD = "gnu++20";
				CLANG_ENABLE_MODULES = YES;
				CLANG_ENABLE_OBJC_ARC = YES;
				CLANG_ENABLE_OBJC_WEAK = YES;
				CLANG_WARN_BLOCK_CAPTURE_AUTORELEASING = YES;
				CLANG_WARN_BOOL_CONVERSION = YES;
				CLANG_WARN_COMMA = YES;
				CLANG_WARN_CONSTANT_CONVERSION = YES;
				CLANG_WARN_DEPRECATED_OBJC_IMPLEMENTATIONS = YES;
				CLANG_WARN_DIRECT_OBJC_ISA_USAGE = YES_ERROR;
				CLANG_WARN_DOCUMENTATION_COMMENTS = YES;
				CLANG_WARN_EMPTY_BODY = YES;
				CLANG_WARN_ENUM_CONVERSION = YES;
				CLANG_WARN_INFINITE_RECURSION = YES;
				CLANG_WARN_INT_CONVERSION = YES;
				CLANG_WARN_NON_LITERAL_NULL_CONVERSION = YES;
				CLANG_WARN_OBJC_IMPLICIT_RETAIN_SELF = YES;
				CLANG_WARN_OBJC_LITERAL_CONVERSION = YES;
				CLANG_WARN_OBJC_ROOT_CLASS = YES_ERROR;
				CLANG_WARN_QUOTED_INCLUDE_IN_FRAMEWORK_HEADER = YES;
				CLANG_WARN_RANGE_LOOP_ANALYSIS = YES;
				CLANG_WARN_STRICT_PROTOTYPES = YES;
				CLANG_WARN_SUSPICIOUS_MOVE = YES;
				CLANG_WARN_UNGUARDED_AVAILABILITY = YES_AGGRESSIVE;
				CLANG_WARN_UNREACHABLE_CODE = YES;
				CLANG_WARN__DUPLICATE_METHOD_MATCH = YES;
				COPY_PHASE_STRIP = NO;
				DEBUG_INFORMATION_FORMAT = dwarf;
				ENABLE_STRICT_OBJC_MSGSEND = YES;
				ENABLE_TESTABILITY = YES;
				GCC_C_LANGUAGE_STANDARD = gnu11;
				GCC_DYNAMIC_NO_PIC = NO;
				GCC_NO_COMMON_BLOCKS = YES;
				GCC_OPTIMIZATION_LEVEL = 0;
				GCC_PREPROCESSOR_DEFINITIONS = (
					"DEBUG=1",
					"$(inherited)",
				);
				GCC_WARN_64_TO_32_BIT_CONVERSION = YES;
				GCC_WARN_ABOUT_RETURN_TYPE = YES_ERROR;
				GCC_WARN_UNDECLARED_SELECTOR = YES;
				GCC_WARN_UNINITIALIZED_AUTOS = YES_AGGRESSIVE;
				GCC_WARN_UNUSED_FUNCTION = YES;
				GCC_WARN_UNUSED_VARIABLE = YES;
				IPHONEOS_DEPLOYMENT_TARGET = 16.4;
				MTL_ENABLE_DEBUG_INFO = INCLUDE_SOURCE;
				MTL_FAST_MATH = YES;
				ONLY_ACTIVE_ARCH = YES;
				SDKROOT = iphoneos;
				SWIFT_ACTIVE_COMPILATION_CONDITIONS = DEBUG;
				SWIFT_OPTIMIZATION_LEVEL = "-Onone";
			};
			name = Debug;
		};
		460D62732DE7934700D50D0C /* Release */ = {
			isa = XCBuildConfiguration;
			buildSettings = {
				ALWAYS_SEARCH_USER_PATHS = NO;
				CLANG_ANALYZER_NONNULL = YES;
				CLANG_ANALYZER_NUMBER_OBJECT_CONVERSION = YES_AGGRESSIVE;
				CLANG_CXX_LANGUAGE_STANDARD = "gnu++20";
				CLANG_ENABLE_MODULES = YES;
				CLANG_ENABLE_OBJC_ARC = YES;
				CLANG_ENABLE_OBJC_WEAK = YES;
				CLANG_WARN_BLOCK_CAPTURE_AUTORELEASING = YES;
				CLANG_WARN_BOOL_CONVERSION = YES;
				CLANG_WARN_COMMA = YES;
				CLANG_WARN_CONSTANT_CONVERSION = YES;
				CLANG_WARN_DEPRECATED_OBJC_IMPLEMENTATIONS = YES;
				CLANG_WARN_DIRECT_OBJC_ISA_USAGE = YES_ERROR;
				CLANG_WARN_DOCUMENTATION_COMMENTS = YES;
				CLANG_WARN_EMPTY_BODY = YES;
				CLANG_WARN_ENUM_CONVERSION = YES;
				CLANG_WARN_INFINITE_RECURSION = YES;
				CLANG_WARN_INT_CONVERSION = YES;
				CLANG_WARN_NON_LITERAL_NULL_CONVERSION = YES;
				CLANG_WARN_OBJC_IMPLICIT_RETAIN_SELF = YES;
				CLANG_WARN_OBJC_LITERAL_CONVERSION = YES;
				CLANG_WARN_OBJC_ROOT_CLASS = YES_ERROR;
				CLANG_WARN_QUOTED_INCLUDE_IN_FRAMEWORK_HEADER = YES;
				CLANG_WARN_RANGE_LOOP_ANALYSIS = YES;
				CLANG_WARN_STRICT_PROTOTYPES = YES;
				CLANG_WARN_SUSPICIOUS_MOVE = YES;
				CLANG_WARN_UNGUARDED_AVAILABILITY = YES_AGGRESSIVE;
				CLANG_WARN_UNREACHABLE_CODE = YES;
				CLANG_WARN__DUPLICATE_METHOD_MATCH = YES;
				COPY_PHASE_STRIP = NO;
				DEBUG_INFORMATION_FORMAT = "dwarf-with-dsym";
				ENABLE_NS_ASSERTIONS = NO;
				ENABLE_STRICT_OBJC_MSGSEND = YES;
				GCC_C_LANGUAGE_STANDARD = gnu11;
				GCC_NO_COMMON_BLOCKS = YES;
				GCC_WARN_64_TO_32_BIT_CONVERSION = YES;
				GCC_WARN_ABOUT_RETURN_TYPE = YES_ERROR;
				GCC_WARN_UNDECLARED_SELECTOR = YES;
				GCC_WARN_UNINITIALIZED_AUTOS = YES_AGGRESSIVE;
				GCC_WARN_UNUSED_FUNCTION = YES;
				GCC_WARN_UNUSED_VARIABLE = YES;
				IPHONEOS_DEPLOYMENT_TARGET = 16.4;
				MTL_ENABLE_DEBUG_INFO = NO;
				MTL_FAST_MATH = YES;
				SDKROOT = iphoneos;
				SWIFT_COMPILATION_MODE = wholemodule;
				SWIFT_OPTIMIZATION_LEVEL = "-O";
				VALIDATE_PRODUCT = YES;
			};
			name = Release;
		};
		460D62752DE7934700D50D0C /* Debug */ = {
			isa = XCBuildConfiguration;
			buildSettings = {
				ASSETCATALOG_COMPILER_APPICON_NAME = AppIcon;
				ASSETCATALOG_COMPILER_GLOBAL_ACCENT_COLOR_NAME = AccentColor;
				CODE_SIGN_STYLE = Automatic;
				CURRENT_PROJECT_VERSION = 1;
				DEVELOPMENT_ASSET_PATHS = "\"CardGame/Preview Content\"";
				DEVELOPMENT_TEAM = 7ZFV6YVFH4;
				ENABLE_PREVIEWS = YES;
				GENERATE_INFOPLIST_FILE = YES;
				INFOPLIST_KEY_UIApplicationSceneManifest_Generation = YES;
				INFOPLIST_KEY_UIApplicationSupportsIndirectInputEvents = YES;
				INFOPLIST_KEY_UILaunchScreen_Generation = YES;
				INFOPLIST_KEY_UISupportedInterfaceOrientations_iPad = "UIInterfaceOrientationPortrait UIInterfaceOrientationPortraitUpsideDown UIInterfaceOrientationLandscapeLeft UIInterfaceOrientationLandscapeRight";
				INFOPLIST_KEY_UISupportedInterfaceOrientations_iPhone = "UIInterfaceOrientationPortrait UIInterfaceOrientationLandscapeLeft UIInterfaceOrientationLandscapeRight";
				LD_RUNPATH_SEARCH_PATHS = (
					"$(inherited)",
					"@executable_path/Frameworks",
				);
				MARKETING_VERSION = 1.0;
				PRODUCT_BUNDLE_IDENTIFIER = RoaringRobot.CardGame;
				PRODUCT_NAME = "$(TARGET_NAME)";
				SWIFT_EMIT_LOC_STRINGS = YES;
				SWIFT_VERSION = 5.0;
				TARGETED_DEVICE_FAMILY = "1,2";
			};
			name = Debug;
		};
		460D62762DE7934700D50D0C /* Release */ = {
			isa = XCBuildConfiguration;
			buildSettings = {
				ASSETCATALOG_COMPILER_APPICON_NAME = AppIcon;
				ASSETCATALOG_COMPILER_GLOBAL_ACCENT_COLOR_NAME = AccentColor;
				CODE_SIGN_STYLE = Automatic;
				CURRENT_PROJECT_VERSION = 1;
				DEVELOPMENT_ASSET_PATHS = "\"CardGame/Preview Content\"";
				DEVELOPMENT_TEAM = 7ZFV6YVFH4;
				ENABLE_PREVIEWS = YES;
				GENERATE_INFOPLIST_FILE = YES;
				INFOPLIST_KEY_UIApplicationSceneManifest_Generation = YES;
				INFOPLIST_KEY_UIApplicationSupportsIndirectInputEvents = YES;
				INFOPLIST_KEY_UILaunchScreen_Generation = YES;
				INFOPLIST_KEY_UISupportedInterfaceOrientations_iPad = "UIInterfaceOrientationPortrait UIInterfaceOrientationPortraitUpsideDown UIInterfaceOrientationLandscapeLeft UIInterfaceOrientationLandscapeRight";
				INFOPLIST_KEY_UISupportedInterfaceOrientations_iPhone = "UIInterfaceOrientationPortrait UIInterfaceOrientationLandscapeLeft UIInterfaceOrientationLandscapeRight";
				LD_RUNPATH_SEARCH_PATHS = (
					"$(inherited)",
					"@executable_path/Frameworks",
				);
				MARKETING_VERSION = 1.0;
				PRODUCT_BUNDLE_IDENTIFIER = RoaringRobot.CardGame;
				PRODUCT_NAME = "$(TARGET_NAME)";
				SWIFT_EMIT_LOC_STRINGS = YES;
				SWIFT_VERSION = 5.0;
				TARGETED_DEVICE_FAMILY = "1,2";
			};
			name = Release;
		};
		460D62782DE7934700D50D0C /* Debug */ = {
			isa = XCBuildConfiguration;
			buildSettings = {
				ALWAYS_EMBED_SWIFT_STANDARD_LIBRARIES = YES;
				BUNDLE_LOADER = "$(TEST_HOST)";
				CODE_SIGN_STYLE = Automatic;
				CURRENT_PROJECT_VERSION = 1;
				DEVELOPMENT_TEAM = 7ZFV6YVFH4;
				GENERATE_INFOPLIST_FILE = YES;
				IPHONEOS_DEPLOYMENT_TARGET = 16.4;
				MARKETING_VERSION = 1.0;
				PRODUCT_BUNDLE_IDENTIFIER = RoaringRobot.CardGameTests;
				PRODUCT_NAME = "$(TARGET_NAME)";
				SWIFT_EMIT_LOC_STRINGS = NO;
				SWIFT_VERSION = 5.0;
				TARGETED_DEVICE_FAMILY = "1,2";
				TEST_HOST = "$(BUILT_PRODUCTS_DIR)/CardGame.app/$(BUNDLE_EXECUTABLE_FOLDER_PATH)/CardGame";
			};
			name = Debug;
		};
		460D62792DE7934700D50D0C /* Release */ = {
			isa = XCBuildConfiguration;
			buildSettings = {
				ALWAYS_EMBED_SWIFT_STANDARD_LIBRARIES = YES;
				BUNDLE_LOADER = "$(TEST_HOST)";
				CODE_SIGN_STYLE = Automatic;
				CURRENT_PROJECT_VERSION = 1;
				DEVELOPMENT_TEAM = 7ZFV6YVFH4;
				GENERATE_INFOPLIST_FILE = YES;
				IPHONEOS_DEPLOYMENT_TARGET = 16.4;
				MARKETING_VERSION = 1.0;
				PRODUCT_BUNDLE_IDENTIFIER = RoaringRobot.CardGameTests;
				PRODUCT_NAME = "$(TARGET_NAME)";
				SWIFT_EMIT_LOC_STRINGS = NO;
				SWIFT_VERSION = 5.0;
				TARGETED_DEVICE_FAMILY = "1,2";
				TEST_HOST = "$(BUILT_PRODUCTS_DIR)/CardGame.app/$(BUNDLE_EXECUTABLE_FOLDER_PATH)/CardGame";
			};
			name = Release;
		};
		460D627B2DE7934700D50D0C /* Debug */ = {
			isa = XCBuildConfiguration;
			buildSettings = {
				ALWAYS_EMBED_SWIFT_STANDARD_LIBRARIES = YES;
				CODE_SIGN_STYLE = Automatic;
				CURRENT_PROJECT_VERSION = 1;
				DEVELOPMENT_TEAM = 7ZFV6YVFH4;
				GENERATE_INFOPLIST_FILE = YES;
				MARKETING_VERSION = 1.0;
				PRODUCT_BUNDLE_IDENTIFIER = RoaringRobot.CardGameUITests;
				PRODUCT_NAME = "$(TARGET_NAME)";
				SWIFT_EMIT_LOC_STRINGS = NO;
				SWIFT_VERSION = 5.0;
				TARGETED_DEVICE_FAMILY = "1,2";
				TEST_TARGET_NAME = CardGame;
			};
			name = Debug;
		};
		460D627C2DE7934700D50D0C /* Release */ = {
			isa = XCBuildConfiguration;
			buildSettings = {
				ALWAYS_EMBED_SWIFT_STANDARD_LIBRARIES = YES;
				CODE_SIGN_STYLE = Automatic;
				CURRENT_PROJECT_VERSION = 1;
				DEVELOPMENT_TEAM = 7ZFV6YVFH4;
				GENERATE_INFOPLIST_FILE = YES;
				MARKETING_VERSION = 1.0;
				PRODUCT_BUNDLE_IDENTIFIER = RoaringRobot.CardGameUITests;
				PRODUCT_NAME = "$(TARGET_NAME)";
				SWIFT_EMIT_LOC_STRINGS = NO;
				SWIFT_VERSION = 5.0;
				TARGETED_DEVICE_FAMILY = "1,2";
				TEST_TARGET_NAME = CardGame;
			};
			name = Release;
		};
/* End XCBuildConfiguration section */

/* Begin XCConfigurationList section */
		460D62452DE7934300D50D0C /* Build configuration list for PBXProject "CardGame" */ = {
			isa = XCConfigurationList;
			buildConfigurations = (
				460D62722DE7934700D50D0C /* Debug */,
				460D62732DE7934700D50D0C /* Release */,
			);
			defaultConfigurationIsVisible = 0;
			defaultConfigurationName = Release;
		};
		460D62742DE7934700D50D0C /* Build configuration list for PBXNativeTarget "CardGame" */ = {
			isa = XCConfigurationList;
			buildConfigurations = (
				460D62752DE7934700D50D0C /* Debug */,
				460D62762DE7934700D50D0C /* Release */,
			);
			defaultConfigurationIsVisible = 0;
			defaultConfigurationName = Release;
		};
		460D62772DE7934700D50D0C /* Build configuration list for PBXNativeTarget "CardGameTests" */ = {
			isa = XCConfigurationList;
			buildConfigurations = (
				460D62782DE7934700D50D0C /* Debug */,
				460D62792DE7934700D50D0C /* Release */,
			);
			defaultConfigurationIsVisible = 0;
			defaultConfigurationName = Release;
		};
		460D627A2DE7934700D50D0C /* Build configuration list for PBXNativeTarget "CardGameUITests" */ = {
			isa = XCConfigurationList;
			buildConfigurations = (
				460D627B2DE7934700D50D0C /* Debug */,
				460D627C2DE7934700D50D0C /* Release */,
			);
			defaultConfigurationIsVisible = 0;
			defaultConfigurationName = Release;
		};
/* End XCConfigurationList section */

/* Begin XCVersionGroup section */
		460D62582DE7934600D50D0C /* CardGame.xcdatamodeld */ = {
			isa = XCVersionGroup;
			children = (
				460D62592DE7934600D50D0C /* CardGame.xcdatamodel */,
			);
			currentVersion = 460D62592DE7934600D50D0C /* CardGame.xcdatamodel */;
			path = CardGame.xcdatamodeld;
			sourceTree = "<group>";
			versionGroupType = wrapper.xcdatamodel;
		};
		460D62842DE7AA3900D50D0C /* CardGame.xcdatamodeld */ = {
			isa = XCVersionGroup;
			children = (
				460D62852DE7AA3900D50D0C /* CardGame.xcdatamodel */,
			);
			currentVersion = 460D62852DE7AA3900D50D0C /* CardGame.xcdatamodel */;
			path = CardGame.xcdatamodeld;
			sourceTree = "<group>";
			versionGroupType = wrapper.xcdatamodel;
		};
/* End XCVersionGroup section */
	};
	rootObject = 460D62422DE7934300D50D0C /* Project object */;
}
